
Microsoft Visual Studio Solution File, Format Version 12.00
# Visual Studio 2017
Project("{FAE04EC0-301F-11D3-BF4B-00C04F79EFBC}") = "CatanGame-v0.8", "CatanGame-v0.8.csproj", "{F366B04E-07CF-31CF-E01E-D5E9DBE69861}"
EndProject
Global
	GlobalSection(SolutionConfigurationPlatforms) = preSolution
		Debug|Any CPU = Debug|Any CPU
		Release|Any CPU = Release|Any CPU
	EndGlobalSection
	GlobalSection(ProjectConfigurationPlatforms) = postSolution
		{F366B04E-07CF-31CF-E01E-D5E9DBE69861}.Debug|Any CPU.ActiveCfg = Debug|Any CPU
		{F366B04E-07CF-31CF-E01E-D5E9DBE69861}.Debug|Any CPU.Build.0 = Debug|Any CPU
		{F366B04E-07CF-31CF-E01E-D5E9DBE69861}.Release|Any CPU.ActiveCfg = Release|Any CPU
		{F366B04E-07CF-31CF-E01E-D5E9DBE69861}.Release|Any CPU.Build.0 = Release|Any CPU
	EndGlobalSection
	GlobalSection(SolutionProperties) = preSolution
		HideSolutionNode = FALSE
	EndGlobalSection
EndGlobal
